
Microsoft Visual Studio Solution File, Format Version 12.00
# Visual Studio Version 16
VisualStudioVersion = 16.0.28803.202
MinimumVisualStudioVersion = 10.0.40219.1
Project("{9A19103F-16F7-4668-BE54-9A1E7A4F7556}") = "shuttercart", "shuttercart.csproj", "{398F6D19-05E7-4472-8888-34C67EB9A2B0}"
EndProject
Project("{2150E333-8FDC-42A3-9474-1A3956D46DE8}") = "Solution Item", "Solution Item", "{CA34449A-7262-4D08-9733-87EB6FDC6308}"
	ProjectSection(SolutionItems) = preProject
		ReadMe.txt = ReadMe.txt
	EndProjectSection
EndProject
Project("{FAE04EC0-301F-11D3-BF4B-00C04F79EFBC}") = "ShutterCart.Test", "..\ShutterCart.Test\ShutterCart.Test.csproj", "{6F503EC7-8CFB-4135-9921-B5D3C7164C02}"
EndProject
Global
	GlobalSection(SolutionConfigurationPlatforms) = preSolution
		Debug|Any CPU = Debug|Any CPU
		Release|Any CPU = Release|Any CPU
	EndGlobalSection
	GlobalSection(ProjectConfigurationPlatforms) = postSolution
		{398F6D19-05E7-4472-8888-34C67EB9A2B0}.Debug|Any CPU.ActiveCfg = Debug|Any CPU
		{398F6D19-05E7-4472-8888-34C67EB9A2B0}.Debug|Any CPU.Build.0 = Debug|Any CPU
		{398F6D19-05E7-4472-8888-34C67EB9A2B0}.Release|Any CPU.ActiveCfg = Release|Any CPU
		{398F6D19-05E7-4472-8888-34C67EB9A2B0}.Release|Any CPU.Build.0 = Release|Any CPU
		{6F503EC7-8CFB-4135-9921-B5D3C7164C02}.Debug|Any CPU.ActiveCfg = Debug|Any CPU
		{6F503EC7-8CFB-4135-9921-B5D3C7164C02}.Debug|Any CPU.Build.0 = Debug|Any CPU
		{6F503EC7-8CFB-4135-9921-B5D3C7164C02}.Release|Any CPU.ActiveCfg = Release|Any CPU
		{6F503EC7-8CFB-4135-9921-B5D3C7164C02}.Release|Any CPU.Build.0 = Release|Any CPU
	EndGlobalSection
	GlobalSection(SolutionProperties) = preSolution
		HideSolutionNode = FALSE
	EndGlobalSection
	GlobalSection(ExtensibilityGlobals) = postSolution
		SolutionGuid = {CC8D7068-BB7E-4EF8-BB10-2A317A11361C}
	EndGlobalSection
EndGlobal
